# THIS IS AN AUTOGENERATED FILE. DO NOT EDIT THIS FILE DIRECTLY.
# yarn lockfile v1


bootstrap@^5.0.1:
  version "5.0.1"
  resolved "https://registry.yarnpkg.com/bootstrap/-/bootstrap-5.0.1.tgz#e7939d599119dc818a90478a2a299bdaff037e09"
  integrity sha512-Fl79+wsLOZKoiU345KeEaWD0ik8WKRI5zm0YSPj2oF1Qr+BO7z0fco6GbUtqjoG1h4VI89PeKJnMsMMVQdKKTw==

compass-mixins@^0.12.10:
  version "0.12.10"
  resolved "https://registry.yarnpkg.com/compass-mixins/-/compass-mixins-0.12.10.tgz#cd9f15f829c4e960cc43bb226f049b28beb99d41"
  integrity sha1-zZ8V+CnE6WDMQ7sibwSbKL65nUE=
